
Microsoft Visual Studio Solution File, Format Version 11.00
# Visual Studio 2010
Project("{FAE04EC0-301F-11D3-BF4B-00C04F79EFBC}") = "GPUImgProc", "GPUImgProc\GPUImgProc\GPUImgProc.csproj", "{EA73A7BA-E7DF-4BEC-A8EE-0B2ABA660511}"
EndProject
Project("{FAE04EC0-301F-11D3-BF4B-00C04F79EFBC}") = "GPUImgProcContent", "GPUImgProc\GPUImgProcContent\GPUImgProcContent.contentproj", "{35A45345-AA77-4FB1-8B65-41C8A3861025}"
EndProject
Project("{FAE04EC0-301F-11D3-BF4B-00C04F79EFBC}") = "WpfApplication1", "..\..\WpfApplication1\WpfApplication1\WpfApplication1.csproj", "{2C4D665B-DBD6-4C0A-9128-5243E470EBCB}"
EndProject
Global
	GlobalSection(SolutionConfigurationPlatforms) = preSolution
		Debug|x86 = Debug|x86
		Release|x86 = Release|x86
	EndGlobalSection
	GlobalSection(ProjectConfigurationPlatforms) = postSolution
		{EA73A7BA-E7DF-4BEC-A8EE-0B2ABA660511}.Debug|x86.ActiveCfg = Debug|x86
		{EA73A7BA-E7DF-4BEC-A8EE-0B2ABA660511}.Debug|x86.Build.0 = Debug|x86
		{EA73A7BA-E7DF-4BEC-A8EE-0B2ABA660511}.Release|x86.ActiveCfg = Release|x86
		{EA73A7BA-E7DF-4BEC-A8EE-0B2ABA660511}.Release|x86.Build.0 = Release|x86
		{35A45345-AA77-4FB1-8B65-41C8A3861025}.Debug|x86.ActiveCfg = Debug|x86
		{35A45345-AA77-4FB1-8B65-41C8A3861025}.Release|x86.ActiveCfg = Release|x86
		{2C4D665B-DBD6-4C0A-9128-5243E470EBCB}.Debug|x86.ActiveCfg = Debug|x86
		{2C4D665B-DBD6-4C0A-9128-5243E470EBCB}.Debug|x86.Build.0 = Debug|x86
		{2C4D665B-DBD6-4C0A-9128-5243E470EBCB}.Release|x86.ActiveCfg = Release|x86
		{2C4D665B-DBD6-4C0A-9128-5243E470EBCB}.Release|x86.Build.0 = Release|x86
	EndGlobalSection
	GlobalSection(SolutionProperties) = preSolution
		HideSolutionNode = FALSE
	EndGlobalSection
EndGlobal
